
Microsoft Visual Studio Solution File, Format Version 12.00
# Visual Studio Version 17
VisualStudioVersion = 17.8.34330.188
MinimumVisualStudioVersion = 10.0.40219.1
Project("{FAE04EC0-301F-11D3-BF4B-00C04F79EFBC}") = "OnionPattern-Sample", "OnionPattern-Sample\OnionPattern-Sample.csproj", "{CE0009F1-751B-4877-985D-C38DC02160C5}"
EndProject
Project("{FAE04EC0-301F-11D3-BF4B-00C04F79EFBC}") = "OnionPattern-Sample-Core", "OnionPattern-Sample-Core\OnionPattern-Sample-Core.csproj", "{EBB6EE19-326C-410C-B8AB-06DFE0CACD26}"
EndProject
Project("{FAE04EC0-301F-11D3-BF4B-00C04F79EFBC}") = "OnionPattern-Sample-Infra", "OnionPattern-Sample-Infra\OnionPattern-Sample-Infra.csproj", "{F7980383-0BD6-49E9-B982-820EAF69325B}"
EndProject
Global
	GlobalSection(SolutionConfigurationPlatforms) = preSolution
		Debug|Any CPU = Debug|Any CPU
		Release|Any CPU = Release|Any CPU
	EndGlobalSection
	GlobalSection(ProjectConfigurationPlatforms) = postSolution
		{CE0009F1-751B-4877-985D-C38DC02160C5}.Debug|Any CPU.ActiveCfg = Debug|Any CPU
		{CE0009F1-751B-4877-985D-C38DC02160C5}.Debug|Any CPU.Build.0 = Debug|Any CPU
		{CE0009F1-751B-4877-985D-C38DC02160C5}.Release|Any CPU.ActiveCfg = Release|Any CPU
		{CE0009F1-751B-4877-985D-C38DC02160C5}.Release|Any CPU.Build.0 = Release|Any CPU
		{EBB6EE19-326C-410C-B8AB-06DFE0CACD26}.Debug|Any CPU.ActiveCfg = Debug|Any CPU
		{EBB6EE19-326C-410C-B8AB-06DFE0CACD26}.Debug|Any CPU.Build.0 = Debug|Any CPU
		{EBB6EE19-326C-410C-B8AB-06DFE0CACD26}.Release|Any CPU.ActiveCfg = Release|Any CPU
		{EBB6EE19-326C-410C-B8AB-06DFE0CACD26}.Release|Any CPU.Build.0 = Release|Any CPU
		{F7980383-0BD6-49E9-B982-820EAF69325B}.Debug|Any CPU.ActiveCfg = Debug|Any CPU
		{F7980383-0BD6-49E9-B982-820EAF69325B}.Debug|Any CPU.Build.0 = Debug|Any CPU
		{F7980383-0BD6-49E9-B982-820EAF69325B}.Release|Any CPU.ActiveCfg = Release|Any CPU
		{F7980383-0BD6-49E9-B982-820EAF69325B}.Release|Any CPU.Build.0 = Release|Any CPU
	EndGlobalSection
	GlobalSection(SolutionProperties) = preSolution
		HideSolutionNode = FALSE
	EndGlobalSection
	GlobalSection(ExtensibilityGlobals) = postSolution
		SolutionGuid = {D60321C1-A11B-4B5C-BC56-8E65C8939DD1}
	EndGlobalSection
EndGlobal
